
Microsoft Visual Studio Solution File, Format Version 12.00
# Visual Studio Version 17
VisualStudioVersion = 17.7.34009.444
MinimumVisualStudioVersion = 10.0.40219.1
Project("{FAE04EC0-301F-11D3-BF4B-00C04F79EFBC}") = "Estudiantes.Entidades", "Estudiantes.Entidades\Estudiantes.Entidades.csproj", "{959495FE-1AA4-411D-9723-41FF9A220B96}"
EndProject
Global
	GlobalSection(SolutionConfigurationPlatforms) = preSolution
		Debug|Any CPU = Debug|Any CPU
		Release|Any CPU = Release|Any CPU
	EndGlobalSection
	GlobalSection(ProjectConfigurationPlatforms) = postSolution
		{959495FE-1AA4-411D-9723-41FF9A220B96}.Debug|Any CPU.ActiveCfg = Debug|Any CPU
		{959495FE-1AA4-411D-9723-41FF9A220B96}.Debug|Any CPU.Build.0 = Debug|Any CPU
		{959495FE-1AA4-411D-9723-41FF9A220B96}.Release|Any CPU.ActiveCfg = Release|Any CPU
		{959495FE-1AA4-411D-9723-41FF9A220B96}.Release|Any CPU.Build.0 = Release|Any CPU
	EndGlobalSection
	GlobalSection(SolutionProperties) = preSolution
		HideSolutionNode = FALSE
	EndGlobalSection
	GlobalSection(ExtensibilityGlobals) = postSolution
		SolutionGuid = {B61DD8A6-474A-42F8-90F4-F99C3E6955BF}
	EndGlobalSection
EndGlobal
